
Microsoft Visual Studio Solution File, Format Version 12.00
# Visual Studio Version 17
VisualStudioVersion = 17.14.37111.16 d17.14
MinimumVisualStudioVersion = 10.0.40219.1
Project("{FAE04EC0-301F-11D3-BF4B-00C04F79EFBC}") = "GestionEstudiantesPorAsig", "GestionEstudiantesPorAsig.csproj", "{5231CF75-1843-46B0-88ED-1F92EF184904}"
EndProject
Global
	GlobalSection(SolutionConfigurationPlatforms) = preSolution
		Debug|Any CPU = Debug|Any CPU
		Release|Any CPU = Release|Any CPU
	EndGlobalSection
	GlobalSection(ProjectConfigurationPlatforms) = postSolution
		{5231CF75-1843-46B0-88ED-1F92EF184904}.Debug|Any CPU.ActiveCfg = Debug|Any CPU
		{5231CF75-1843-46B0-88ED-1F92EF184904}.Debug|Any CPU.Build.0 = Debug|Any CPU
		{5231CF75-1843-46B0-88ED-1F92EF184904}.Release|Any CPU.ActiveCfg = Release|Any CPU
		{5231CF75-1843-46B0-88ED-1F92EF184904}.Release|Any CPU.Build.0 = Release|Any CPU
	EndGlobalSection
	GlobalSection(SolutionProperties) = preSolution
		HideSolutionNode = FALSE
	EndGlobalSection
	GlobalSection(ExtensibilityGlobals) = postSolution
		SolutionGuid = {DC9B4DC2-F34C-4757-A7A2-E096503F743D}
	EndGlobalSection
EndGlobal
